<?xml version="1.0" encoding="utf-8"?>
<Project ToolsVersion="4.0" xmlns="http://schemas.microsoft.com/developer/msbuild/2003">
  <ItemGroup>
    <Filter Include="Source Files">
      <UniqueIdentifier>{4FC737F1-C7A5-4376-A066-2A32D752A2FF}</UniqueIdentifier>
      <Extensions>cpp;c;cc;cxx;def;odl;idl;hpj;bat;asm;asmx</Extensions>
    </Filter>
    <Filter Include="Header Files">
      <UniqueIdentifier>{93995380-89BD-4b04-88EB-625FBE52EBFB}</UniqueIdentifier>
      <Extensions>h;hpp;hxx;hm;inl;inc;xsd</Extensions>
    </Filter>
    <Filter Include="Resource Files">
      <UniqueIdentifier>{67DA6AB6-F800-4c08-8B7A-83BB121AAD01}</UniqueIdentifier>
      <Extensions>rc;ico;cur;bmp;dlg;rc2;rct;bin;rgs;gif;jpg;jpeg;jpe;resx;tiff;tif;png;wav</Extensions>
    </Filter>
    <Filter Include="HTML Help Files">
      <UniqueIdentifier>{8d1e3b19-5f46-4697-a5db-ad169c3c7cbb}</UniqueIdentifier>
      <Extensions>hhp;hhc;hhk;gif;jpg</Extensions>
    </Filter>
    <Filter Include="HTML Help Topics">
      <UniqueIdentifier>{ff253cad-3e53-43ad-95df-83dcd699371b}</UniqueIdentifier>
      <Extensions>htm;html</Extensions>
    </Filter>
  </ItemGroup>
  <ItemGroup>
    <ClCompile Include="addfolder.cpp">
      <Filter>Source Files</Filter>
    </ClCompile>
    <ClCompile Include="ArchiveWizzard.cpp">
      <Filter>Source Files</Filter>
    </ClCompile>
    <ClCompile Include="ArchiveWizzardPage.cpp">
      <Filter>Source Files</Filter>
    </ClCompile>
    <ClCompile Include="AutoUpdate.cpp">
      <Filter>Source Files</Filter>
    </ClCompile>
    <ClCompile Include="Callnot.Cpp">
      <Filter>Source Files</Filter>
    </ClCompile>
    <ClCompile Include="crypt.cpp">
      <Filter>Source Files</Filter>
    </ClCompile>
    <ClCompile Include="DataSourceDialog.cpp">
      <Filter>Source Files</Filter>
    </ClCompile>
    <ClCompile Include="DbSQLite.cpp">
      <Filter>Source Files</Filter>
    </ClCompile>
    <ClCompile Include="ddlist.cpp">
      <Filter>Source Files</Filter>
    </ClCompile>
    <ClCompile Include="DetectSMC.cpp">
      <Filter>Source Files</Filter>
    </ClCompile>
    <ClCompile Include="DSAMessageBox.cpp">
      <Filter>Source Files</Filter>
    </ClCompile>
    <ClCompile Include="editdlg.cpp">
      <Filter>Source Files</Filter>
    </ClCompile>
    <ClCompile Include="email.cpp">
      <Filter>Source Files</Filter>
    </ClCompile>
    <ClCompile Include="EnterContactDetails.cpp">
      <Filter>Source Files</Filter>
    </ClCompile>
    <ClCompile Include="enterkeydlg.cpp">
      <Filter>Source Files</Filter>
    </ClCompile>
    <ClCompile Include="EnterResponseKey.cpp">
      <Filter>Source Files</Filter>
    </ClCompile>
    <ClCompile Include="getprogramversion.cpp">
      <Filter>Source Files</Filter>
    </ClCompile>
    <ClCompile Include="IndexDB.cpp">
      <Filter>Source Files</Filter>
    </ClCompile>
    <ClCompile Include="MuteInput.cpp">
      <Filter>Source Files</Filter>
    </ClCompile>
    <ClCompile Include="MyTapi.cpp">
      <Filter>Source Files</Filter>
    </ClCompile>
    <ClCompile Include="nbMessageBox.cpp">
      <Filter>Source Files</Filter>
    </ClCompile>
    <ClCompile Include="ownerdrawbutton.cpp">
      <Filter>Source Files</Filter>
    </ClCompile>
    <ClCompile Include="passwortcheckdlg.cpp">
      <Filter>Source Files</Filter>
    </ClCompile>
    <ClCompile Include="passwortdlg.cpp">
      <Filter>Source Files</Filter>
    </ClCompile>
    <ClCompile Include="progdlg.cpp">
      <Filter>Source Files</Filter>
    </ClCompile>
    <ClCompile Include="QuickEdit.cpp">
      <Filter>Source Files</Filter>
    </ClCompile>
    <ClCompile Include="QuickList.cpp">
      <Filter>Source Files</Filter>
    </ClCompile>
    <ClCompile Include="SelectDeviceDlg.cpp">
      <Filter>Source Files</Filter>
    </ClCompile>
    <ClCompile Include="Separator.cpp">
      <Filter>Source Files</Filter>
    </ClCompile>
    <ClCompile Include="stdafx.cpp">
      <Filter>Source Files</Filter>
    </ClCompile>
    <ClCompile Include="suchfilterdlg.cpp">
      <Filter>Source Files</Filter>
    </ClCompile>
    <ClCompile Include="Telar.cpp">
      <Filter>Source Files</Filter>
    </ClCompile>
    <ClCompile Include="TelArPropertyPage.cpp">
      <Filter>Source Files</Filter>
    </ClCompile>
    <ClCompile Include="TelArPropertySheet.cpp">
      <Filter>Source Files</Filter>
    </ClCompile>
    <ClCompile Include="tmtabelle.cpp">
      <Filter>Source Files</Filter>
    </ClCompile>
    <ClCompile Include="VisualStylesXP.cpp">
      <Filter>Source Files</Filter>
    </ClCompile>
    <ClCompile Include="WindowAnima.cpp">
      <Filter>Source Files</Filter>
    </ClCompile>
    <ClCompile Include="XFileOpenListView.cpp">
      <Filter>Source Files</Filter>
    </ClCompile>
    <ClCompile Include="XFolderDialog.cpp">
      <Filter>Source Files</Filter>
    </ClCompile>
    <ClCompile Include="XHistoryCombo.cpp">
      <Filter>Source Files</Filter>
    </ClCompile>
    <ClCompile Include="XWinVer.cpp">
      <Filter>Source Files</Filter>
    </ClCompile>
    <ClCompile Include="ado2.cpp">
      <Filter>Source Files</Filter>
    </ClCompile>
  </ItemGroup>
  <ItemGroup>
    <ClInclude Include="addfolder.h">
      <Filter>Header Files</Filter>
    </ClInclude>
    <ClInclude Include="ArchiveWizzard.h">
      <Filter>Header Files</Filter>
    </ClInclude>
    <ClInclude Include="ArchiveWizzardPage.h">
      <Filter>Header Files</Filter>
    </ClInclude>
    <ClInclude Include="AutoUpdate.h">
      <Filter>Header Files</Filter>
    </ClInclude>
    <ClInclude Include="Callnot.h">
      <Filter>Header Files</Filter>
    </ClInclude>
    <ClInclude Include="crypt.h">
      <Filter>Header Files</Filter>
    </ClInclude>
    <ClInclude Include="DataSourceDialog.h">
      <Filter>Header Files</Filter>
    </ClInclude>
    <ClInclude Include="DbSQLite.h">
      <Filter>Header Files</Filter>
    </ClInclude>
    <ClInclude Include="ddlist.h">
      <Filter>Header Files</Filter>
    </ClInclude>
    <ClInclude Include="DetectSMC.h">
      <Filter>Header Files</Filter>
    </ClInclude>
    <ClInclude Include="DSAMessageBox.h">
      <Filter>Header Files</Filter>
    </ClInclude>
    <ClInclude Include="editdlg.h">
      <Filter>Header Files</Filter>
    </ClInclude>
    <ClInclude Include="email.h">
      <Filter>Header Files</Filter>
    </ClInclude>
    <ClInclude Include="EnterContactDetails.h">
      <Filter>Header Files</Filter>
    </ClInclude>
    <ClInclude Include="enterkeydlg.h">
      <Filter>Header Files</Filter>
    </ClInclude>
    <ClInclude Include="EnterResponseKey.h">
      <Filter>Header Files</Filter>
    </ClInclude>
    <ClInclude Include="getprogramversion.h">
      <Filter>Header Files</Filter>
    </ClInclude>
    <ClInclude Include="IndexDB.h">
      <Filter>Header Files</Filter>
    </ClInclude>
    <ClInclude Include="ivrlla.h">
      <Filter>Header Files</Filter>
    </ClInclude>
    <ClInclude Include="MainFrm.h">
      <Filter>Header Files</Filter>
    </ClInclude>
    <ClInclude Include="MuteInput.h">
      <Filter>Header Files</Filter>
    </ClInclude>
    <ClInclude Include="MyTapi.h">
      <Filter>Header Files</Filter>
    </ClInclude>
    <ClInclude Include="nbMessageBox.h">
      <Filter>Header Files</Filter>
    </ClInclude>
    <ClInclude Include="NeroAPIGlue.h">
      <Filter>Header Files</Filter>
    </ClInclude>
    <ClInclude Include="oledb2.h">
      <Filter>Header Files</Filter>
    </ClInclude>
    <ClInclude Include="OutputWnd.h">
      <Filter>Header Files</Filter>
    </ClInclude>
    <ClInclude Include="ownerdrawbutton.h">
      <Filter>Header Files</Filter>
    </ClInclude>
    <ClInclude Include="passwortcheckdlg.h">
      <Filter>Header Files</Filter>
    </ClInclude>
    <ClInclude Include="passwortdlg.h">
      <Filter>Header Files</Filter>
    </ClInclude>
    <ClInclude Include="progdlg.h">
      <Filter>Header Files</Filter>
    </ClInclude>
    <ClInclude Include="PropertiesWnd.h">
      <Filter>Header Files</Filter>
    </ClInclude>
    <ClInclude Include="QuickEdit.h">
      <Filter>Header Files</Filter>
    </ClInclude>
    <ClInclude Include="QuickList.h">
      <Filter>Header Files</Filter>
    </ClInclude>
    <ClInclude Include="ResizableDialog.h">
      <Filter>Header Files</Filter>
    </ClInclude>
    <ClInclude Include="ResizableGrip.h">
      <Filter>Header Files</Filter>
    </ClInclude>
    <ClInclude Include="ResizableLayout.h">
      <Filter>Header Files</Filter>
    </ClInclude>
    <ClInclude Include="ResizableMinMax.h">
      <Filter>Header Files</Filter>
    </ClInclude>
    <ClInclude Include="ResizableMsgSupport.h">
      <Filter>Header Files</Filter>
    </ClInclude>
    <ClInclude Include="ResizablePage.h">
      <Filter>Header Files</Filter>
    </ClInclude>
    <ClInclude Include="ResizableSheet.h">
      <Filter>Header Files</Filter>
    </ClInclude>
    <ClInclude Include="ResizableSheetState.h">
      <Filter>Header Files</Filter>
    </ClInclude>
    <ClInclude Include="ResizableState.h">
      <Filter>Header Files</Filter>
    </ClInclude>
    <ClInclude Include="ResizableVersion.h">
      <Filter>Header Files</Filter>
    </ClInclude>
    <ClInclude Include="ResizableWndState.h">
      <Filter>Header Files</Filter>
    </ClInclude>
    <ClInclude Include="Schemadef.h">
      <Filter>Header Files</Filter>
    </ClInclude>
    <ClInclude Include="SelectDeviceDlg.h">
      <Filter>Header Files</Filter>
    </ClInclude>
    <ClInclude Include="Separator.h">
      <Filter>Header Files</Filter>
    </ClInclude>
    <ClInclude Include="sqlite3.h">
      <Filter>Header Files</Filter>
    </ClInclude>
    <ClInclude Include="sqlite3i.h">
      <Filter>Header Files</Filter>
    </ClInclude>
    <ClInclude Include="stdafx.h">
      <Filter>Header Files</Filter>
    </ClInclude>
    <ClInclude Include="suchfilterdlg.h">
      <Filter>Header Files</Filter>
    </ClInclude>
    <ClInclude Include="targetver.h">
      <Filter>Header Files</Filter>
    </ClInclude>
    <ClInclude Include="Telar.h">
      <Filter>Header Files</Filter>
    </ClInclude>
    <ClInclude Include="TelarDoc.h">
      <Filter>Header Files</Filter>
    </ClInclude>
    <ClInclude Include="telarpropertypage.h">
      <Filter>Header Files</Filter>
    </ClInclude>
    <ClInclude Include="telarpropertysheet.h">
      <Filter>Header Files</Filter>
    </ClInclude>
    <ClInclude Include="TelarView.h">
      <Filter>Header Files</Filter>
    </ClInclude>
    <ClInclude Include="tmtabelle.h">
      <Filter>Header Files</Filter>
    </ClInclude>
    <ClInclude Include="Uxtheme.h">
      <Filter>Header Files</Filter>
    </ClInclude>
    <ClInclude Include="VersionNo.h">
      <Filter>Header Files</Filter>
    </ClInclude>
    <ClInclude Include="VisualStylesXP.h">
      <Filter>Header Files</Filter>
    </ClInclude>
    <ClInclude Include="WindowAnima.h">
      <Filter>Header Files</Filter>
    </ClInclude>
    <ClInclude Include="XFileOpenListView.h">
      <Filter>Header Files</Filter>
    </ClInclude>
    <ClInclude Include="XFolderDialog.h">
      <Filter>Header Files</Filter>
    </ClInclude>
    <ClInclude Include="XFolderDialogRes.h">
      <Filter>Header Files</Filter>
    </ClInclude>
    <ClInclude Include="XHistoryCombo.h">
      <Filter>Header Files</Filter>
    </ClInclude>
    <ClInclude Include="XWinVer.h">
      <Filter>Header Files</Filter>
    </ClInclude>
    <ClInclude Include="ado2.h">
      <Filter>Header Files</Filter>
    </ClInclude>
  </ItemGroup>
  <ItemGroup>
    <Image Include="res\add_ordner.bmp">
      <Filter>Resource Files</Filter>
    </Image>
    <Image Include="res\anschluss.bmp">
      <Filter>Resource Files</Filter>
    </Image>
    <Image Include="res\aufnahmestart.bmp">
      <Filter>Resource Files</Filter>
    </Image>
    <Image Include="res\bitmap1.bmp">
      <Filter>Resource Files</Filter>
    </Image>
    <Image Include="res\bmp00001.bmp">
      <Filter>Resource Files</Filter>
    </Image>
    <Image Include="hlp\Images\Bullet.gif">
      <Filter>Resource Files</Filter>
    </Image>
    <Image Include="res\control_panel_sound.bmp">
      <Filter>Resource Files</Filter>
    </Image>
    <Image Include="res\cutwire.bmp">
      <Filter>Resource Files</Filter>
    </Image>
    <Image Include="default.bmp">
      <Filter>Resource Files</Filter>
    </Image>
    <Image Include="res\del_ordner.bmp">
      <Filter>Resource Files</Filter>
    </Image>
    <Image Include="res\delete.bmp">
      <Filter>Resource Files</Filter>
    </Image>
    <Image Include="res\disc.bmp">
      <Filter>Resource Files</Filter>
    </Image>
    <Image Include="down.bmp">
      <Filter>Resource Files</Filter>
    </Image>
    <Image Include="res\dragdrop.bmp">
      <Filter>Resource Files</Filter>
    </Image>
    <Image Include="res\dragdrop_copy.bmp">
      <Filter>Resource Files</Filter>
    </Image>
    <Image Include="res\dragdrop_multi.bmp">
      <Filter>Resource Files</Filter>
    </Image>
    <Image Include="res\dragdrop_multi_copy.bmp">
      <Filter>Resource Files</Filter>
    </Image>
    <Image Include="res\edit.bmp">
      <Filter>Resource Files</Filter>
    </Image>
    <Image Include="res\edit_ordner.bmp">
      <Filter>Resource Files</Filter>
    </Image>
    <Image Include="res\exit.bmp">
      <Filter>Resource Files</Filter>
    </Image>
    <Image Include="res\export.bmp">
      <Filter>Resource Files</Filter>
    </Image>
    <Image Include="res\falcon.bmp">
      <Filter>Resource Files</Filter>
    </Image>
    <Image Include="res\ff.bmp">
      <Filter>Resource Files</Filter>
    </Image>
    <Image Include="res\ff2.bmp">
      <Filter>Resource Files</Filter>
    </Image>
    <Image Include="res\hardware.bmp">
      <Filter>Resource Files</Filter>
    </Image>
    <Image Include="res\idr_main.ico">
      <Filter>Resource Files</Filter>
    </Image>
    <Image Include="res\info.bmp">
      <Filter>Resource Files</Filter>
    </Image>
    <Image Include="res\information.bmp">
      <Filter>Resource Files</Filter>
    </Image>
    <Image Include="res\infosign.bmp">
      <Filter>Resource Files</Filter>
    </Image>
    <Image Include="res\intelligent.bmp">
      <Filter>Resource Files</Filter>
    </Image>
    <Image Include="res\manauf.bmp">
      <Filter>Resource Files</Filter>
    </Image>
    <Image Include="res\microfon.bmp">
      <Filter>Resource Files</Filter>
    </Image>
    <Image Include="res\mute.bmp">
      <Filter>Resource Files</Filter>
    </Image>
    <Image Include="res\mute_input_line.bmp">
      <Filter>Resource Files</Filter>
    </Image>
    <Image Include="res\nav_large.bmp">
      <Filter>Resource Files</Filter>
    </Image>
    <Image Include="res\nav_large_hc.bmp">
      <Filter>Resource Files</Filter>
    </Image>
    <Image Include="res\no_manauf.bmp">
      <Filter>Resource Files</Filter>
    </Image>
    <Image Include="res\no_robot.bmp">
      <Filter>Resource Files</Filter>
    </Image>
    <Image Include="res\open_mikropone.bmp">
      <Filter>Resource Files</Filter>
    </Image>
    <Image Include="res\output_wnd.ico">
      <Filter>Resource Files</Filter>
    </Image>
    <Image Include="res\output_wnd_hc.ico">
      <Filter>Resource Files</Filter>
    </Image>
    <Image Include="res\pages.bmp">
      <Filter>Resource Files</Filter>
    </Image>
    <Image Include="res\pages_hc.bmp">
      <Filter>Resource Files</Filter>
    </Image>
    <Image Include="res\pages_small.bmp">
      <Filter>Resource Files</Filter>
    </Image>
    <Image Include="res\pages_small_hc.bmp">
      <Filter>Resource Files</Filter>
    </Image>
    <Image Include="res\pause.bmp">
      <Filter>Resource Files</Filter>
    </Image>
    <Image Include="res\play.bmp">
      <Filter>Resource Files</Filter>
    </Image>
    <Image Include="res\properties.bmp">
      <Filter>Resource Files</Filter>
    </Image>
    <Image Include="res\properties_hc.bmp">
      <Filter>Resource Files</Filter>
    </Image>
    <Image Include="res\properties_wnd.ico">
      <Filter>Resource Files</Filter>
    </Image>
    <Image Include="res\properties_wnd_hc.ico">
      <Filter>Resource Files</Filter>
    </Image>
    <Image Include="res\rew.bmp">
      <Filter>Resource Files</Filter>
    </Image>
    <Image Include="res\rew2.bmp">
      <Filter>Resource Files</Filter>
    </Image>
    <Image Include="res\robot.bmp">
      <Filter>Resource Files</Filter>
    </Image>
    <Image Include="res\samplingrate.bmp">
      <Filter>Resource Files</Filter>
    </Image>
    <Image Include="res\select_default_output_device.bmp">
      <Filter>Resource Files</Filter>
    </Image>
    <Image Include="res\speaker.bmp">
      <Filter>Resource Files</Filter>
    </Image>
    <Image Include="res\speakervolume.bmp">
      <Filter>Resource Files</Filter>
    </Image>
    <Image Include="res\stop.bmp">
      <Filter>Resource Files</Filter>
    </Image>
    <Image Include="res\suchen.bmp">
      <Filter>Resource Files</Filter>
    </Image>
    <Image Include="res\Telar.ico">
      <Filter>Resource Files</Filter>
    </Image>
    <Image Include="res\TelarDoc.ico">
      <Filter>Resource Files</Filter>
    </Image>
    <Image Include="TelarVendorActimax\TelarVendorActimax_on_grey.bmp">
      <Filter>Resource Files</Filter>
    </Image>
    <Image Include="TelarVendorPhoneCoach\TelarVendorPhoneCoach_on_grey.bmp">
      <Filter>Resource Files</Filter>
    </Image>
    <Image Include="TelarVendorRetell\TelarVendorRetell_on_grey.bmp">
      <Filter>Resource Files</Filter>
    </Image>
    <Image Include="res\Toolbar.bmp">
      <Filter>Resource Files</Filter>
    </Image>
    <Image Include="res\Toolbar256.bmp">
      <Filter>Resource Files</Filter>
    </Image>
    <Image Include="res\trashcan.bmp">
      <Filter>Resource Files</Filter>
    </Image>
    <Image Include="UserImages.bmp">
      <Filter>Resource Files</Filter>
    </Image>
    <Image Include="res\wizard1.bmp">
      <Filter>Resource Files</Filter>
    </Image>
  </ItemGroup>
  <ItemGroup>
    <ResourceCompile Include="Telar.rc">
      <Filter>Resource Files</Filter>
    </ResourceCompile>
    <ResourceCompile Include="XFolderDialog.rc">
      <Filter>Resource Files</Filter>
    </ResourceCompile>
  </ItemGroup>
  <ItemGroup>
    <None Include="res\Telar.rc2">
      <Filter>Resource Files</Filter>
    </None>
    <None Include="hlp\Telar.hhc">
      <Filter>HTML Help Files</Filter>
    </None>
    <None Include="hlp\Telar.hhk">
      <Filter>HTML Help Files</Filter>
    </None>
    <None Include="hlp\afx_hidd_color.htm">
      <Filter>HTML Help Topics</Filter>
    </None>
    <None Include="hlp\afx_hidd_fileopen.htm">
      <Filter>HTML Help Topics</Filter>
    </None>
    <None Include="hlp\afx_hidd_filesave.htm">
      <Filter>HTML Help Topics</Filter>
    </None>
    <None Include="hlp\afx_hidd_find.htm">
      <Filter>HTML Help Topics</Filter>
    </None>
    <None Include="hlp\afx_hidd_font.htm">
      <Filter>HTML Help Topics</Filter>
    </None>
    <None Include="hlp\afx_hidd_newtypedlg.htm">
      <Filter>HTML Help Topics</Filter>
    </None>
    <None Include="hlp\afx_hidd_print.htm">
      <Filter>HTML Help Topics</Filter>
    </None>
    <None Include="hlp\afx_hidd_printdlg.htm">
      <Filter>HTML Help Topics</Filter>
    </None>
    <None Include="hlp\afx_hidd_printsetup.htm">
      <Filter>HTML Help Topics</Filter>
    </None>
    <None Include="hlp\afx_hidd_replace.htm">
      <Filter>HTML Help Topics</Filter>
    </None>
    <None Include="hlp\afx_hidp_default.htm">
      <Filter>HTML Help Topics</Filter>
    </None>
    <None Include="hlp\afx_hidw_dockbar_top.htm">
      <Filter>HTML Help Topics</Filter>
    </None>
    <None Include="hlp\afx_hidw_preview_bar.htm">
      <Filter>HTML Help Topics</Filter>
    </None>
    <None Include="hlp\afx_hidw_status_bar.htm">
      <Filter>HTML Help Topics</Filter>
    </None>
    <None Include="hlp\afx_hidw_toolbar.htm">
      <Filter>HTML Help Topics</Filter>
    </None>
    <None Include="hlp\hid_app_about.htm">
      <Filter>HTML Help Topics</Filter>
    </None>
    <None Include="hlp\hid_app_exit.htm">
      <Filter>HTML Help Topics</Filter>
    </None>
    <None Include="hlp\hid_context_help.htm">
      <Filter>HTML Help Topics</Filter>
    </None>
    <None Include="hlp\hid_edit_clear.htm">
      <Filter>HTML Help Topics</Filter>
    </None>
    <None Include="hlp\hid_edit_clear_all.htm">
      <Filter>HTML Help Topics</Filter>
    </None>
    <None Include="hlp\hid_edit_copy.htm">
      <Filter>HTML Help Topics</Filter>
    </None>
    <None Include="hlp\hid_edit_cut.htm">
      <Filter>HTML Help Topics</Filter>
    </None>
    <None Include="hlp\hid_edit_find.htm">
      <Filter>HTML Help Topics</Filter>
    </None>
    <None Include="hlp\hid_edit_paste.htm">
      <Filter>HTML Help Topics</Filter>
    </None>
    <None Include="hlp\hid_edit_redo.htm">
      <Filter>HTML Help Topics</Filter>
    </None>
    <None Include="hlp\hid_edit_repeat.htm">
      <Filter>HTML Help Topics</Filter>
    </None>
    <None Include="hlp\hid_edit_replace.htm">
      <Filter>HTML Help Topics</Filter>
    </None>
    <None Include="hlp\hid_edit_undo.htm">
      <Filter>HTML Help Topics</Filter>
    </None>
    <None Include="hlp\hid_file_close.htm">
      <Filter>HTML Help Topics</Filter>
    </None>
    <None Include="hlp\hid_file_mru_file1.htm">
      <Filter>HTML Help Topics</Filter>
    </None>
    <None Include="hlp\hid_file_new.htm">
      <Filter>HTML Help Topics</Filter>
    </None>
    <None Include="hlp\hid_file_open.htm">
      <Filter>HTML Help Topics</Filter>
    </None>
    <None Include="hlp\hid_file_page_setup.htm">
      <Filter>HTML Help Topics</Filter>
    </None>
    <None Include="hlp\hid_file_print.htm">
      <Filter>HTML Help Topics</Filter>
    </None>
    <None Include="hlp\hid_file_print_preview.htm">
      <Filter>HTML Help Topics</Filter>
    </None>
    <None Include="hlp\hid_file_print_setup.htm">
      <Filter>HTML Help Topics</Filter>
    </None>
    <None Include="hlp\hid_file_save.htm">
      <Filter>HTML Help Topics</Filter>
    </None>
    <None Include="hlp\hid_file_save_as.htm">
      <Filter>HTML Help Topics</Filter>
    </None>
    <None Include="hlp\hid_file_send_mail.htm">
      <Filter>HTML Help Topics</Filter>
    </None>
    <None Include="hlp\hid_help_index.htm">
      <Filter>HTML Help Topics</Filter>
    </None>
    <None Include="hlp\hid_help_using.htm">
      <Filter>HTML Help Topics</Filter>
    </None>
    <None Include="hlp\hid_ht_caption.htm">
      <Filter>HTML Help Topics</Filter>
    </None>
    <None Include="hlp\hid_ht_nowhere.htm">
      <Filter>HTML Help Topics</Filter>
    </None>
    <None Include="hlp\hid_next_pane.htm">
      <Filter>HTML Help Topics</Filter>
    </None>
    <None Include="hlp\hid_prev_pane.htm">
      <Filter>HTML Help Topics</Filter>
    </None>
    <None Include="hlp\hid_sc_close.htm">
      <Filter>HTML Help Topics</Filter>
    </None>
    <None Include="hlp\hid_sc_maximize.htm">
      <Filter>HTML Help Topics</Filter>
    </None>
    <None Include="hlp\hid_sc_minimize.htm">
      <Filter>HTML Help Topics</Filter>
    </None>
    <None Include="hlp\hid_sc_move.htm">
      <Filter>HTML Help Topics</Filter>
    </None>
    <None Include="hlp\hid_sc_nextwindow.htm">
      <Filter>HTML Help Topics</Filter>
    </None>
    <None Include="hlp\hid_sc_prevwindow.htm">
      <Filter>HTML Help Topics</Filter>
    </None>
    <None Include="hlp\hid_sc_restore.htm">
      <Filter>HTML Help Topics</Filter>
    </None>
    <None Include="hlp\hid_sc_size.htm">
      <Filter>HTML Help Topics</Filter>
    </None>
    <None Include="hlp\hid_sc_tasklist.htm">
      <Filter>HTML Help Topics</Filter>
    </None>
    <None Include="hlp\hid_view_ruler.htm">
      <Filter>HTML Help Topics</Filter>
    </None>
    <None Include="hlp\hid_view_status_bar.htm">
      <Filter>HTML Help Topics</Filter>
    </None>
    <None Include="hlp\hid_view_toolbar.htm">
      <Filter>HTML Help Topics</Filter>
    </None>
    <None Include="hlp\hid_window_all.htm">
      <Filter>HTML Help Topics</Filter>
    </None>
    <None Include="hlp\hid_window_arrange.htm">
      <Filter>HTML Help Topics</Filter>
    </None>
    <None Include="hlp\hid_window_cascade.htm">
      <Filter>HTML Help Topics</Filter>
    </None>
    <None Include="hlp\hid_window_new.htm">
      <Filter>HTML Help Topics</Filter>
    </None>
    <None Include="hlp\hid_window_split.htm">
      <Filter>HTML Help Topics</Filter>
    </None>
    <None Include="hlp\hid_window_tile.htm">
      <Filter>HTML Help Topics</Filter>
    </None>
    <None Include="hlp\hid_window_tile_horz.htm">
      <Filter>HTML Help Topics</Filter>
    </None>
    <None Include="hlp\hid_window_tile_vert.htm">
      <Filter>HTML Help Topics</Filter>
    </None>
    <None Include="hlp\hidr_doc1type.htm">
      <Filter>HTML Help Topics</Filter>
    </None>
    <None Include="hlp\main_index.htm">
      <Filter>HTML Help Topics</Filter>
    </None>
    <None Include="hlp\menu_edit.htm">
      <Filter>HTML Help Topics</Filter>
    </None>
    <None Include="hlp\menu_file.htm">
      <Filter>HTML Help Topics</Filter>
    </None>
    <None Include="hlp\menu_help.htm">
      <Filter>HTML Help Topics</Filter>
    </None>
    <None Include="hlp\menu_view.htm">
      <Filter>HTML Help Topics</Filter>
    </None>
    <None Include="hlp\menu_window.htm">
      <Filter>HTML Help Topics</Filter>
    </None>
    <None Include="hlp\scrollbars.htm">
      <Filter>HTML Help Topics</Filter>
    </None>
    <None Include="Telar.reg" />
    <None Include="wavein\wavein.dsp" />
    <None Include="wavein\wavein.dsw" />
    <None Include="wavein\wavein.vcproj" />
  </ItemGroup>
  <ItemGroup>
    <Text Include="ReadMe.txt" />
  </ItemGroup>
  <ItemGroup>
    <CustomBuild Include="Resource.h">
      <Filter>Header Files</Filter>
    </CustomBuild>
    <CustomBuild Include="hlp\Telar.hhp">
      <Filter>HTML Help Files</Filter>
    </CustomBuild>
  </ItemGroup>
</Project>